{
  "name": "agent2api-i18n",
  "version": "0.1.0",
  "lockfileVersion": 3,
  "requires": true,
  "packages": {
    "": {
      "name": "agent2api-i18n",
      "version": "0.1.0",
      "devDependencies": {
        "opencc-js": "^1.0.5"
      }
    },
    "node_modules/opencc-js": {
      "version": "1.4.2",
      "resolved": "https://registry.npmmirror.com/opencc-js/-/opencc-js-1.4.2.tgz",
      "integrity": "sha512-EdcspgdROiCCZDM+jZR6Pa670xW+EW2QhctPBQ8gRjg6lrx4IHEl+2s+kt5izk/TkxVRgdWuFgaGkaEdIUfdaw==",
      "dev": true,
      "license": "MIT AND Apache-2.0"
    }
  }
}
